# THIS IS AN AUTOGENERATED FILE. DO NOT EDIT THIS FILE DIRECTLY.
# yarn lockfile v1


"@bazel/ibazel@0.15.10":
  version "0.15.10"
  resolved "https://registry.yarnpkg.com/@bazel/ibazel/-/ibazel-0.15.10.tgz#cf0cff1aec6d8e7bb23e1fc618d09fbd39b7a13f"
  integrity sha512-0v+OwCQ6fsGFa50r6MXWbUkSGuWOoZ22K4pMSdtWiL5LKFIE4kfmMmtQS+M7/ICNwk2EIYob+NRreyi/DGUz5A==
